
Microsoft Visual Studio Solution File, Format Version 12.00
# Visual Studio Version 17
VisualStudioVersion = 17.2.32519.379
MinimumVisualStudioVersion = 10.0.40219.1
Project("{FAE04EC0-301F-11D3-BF4B-00C04F79EFBC}") = "MVC-Demo", "MVC-Demo\MVC-Demo.csproj", "{837290DE-2666-4D87-94BE-30228DB01180}"
EndProject
Global
	GlobalSection(SolutionConfigurationPlatforms) = preSolution
		Debug|Any CPU = Debug|Any CPU
		Release|Any CPU = Release|Any CPU
	EndGlobalSection
	GlobalSection(ProjectConfigurationPlatforms) = postSolution
		{837290DE-2666-4D87-94BE-30228DB01180}.Debug|Any CPU.ActiveCfg = Debug|Any CPU
		{837290DE-2666-4D87-94BE-30228DB01180}.Debug|Any CPU.Build.0 = Debug|Any CPU
		{837290DE-2666-4D87-94BE-30228DB01180}.Release|Any CPU.ActiveCfg = Release|Any CPU
		{837290DE-2666-4D87-94BE-30228DB01180}.Release|Any CPU.Build.0 = Release|Any CPU
	EndGlobalSection
	GlobalSection(SolutionProperties) = preSolution
		HideSolutionNode = FALSE
	EndGlobalSection
	GlobalSection(ExtensibilityGlobals) = postSolution
		SolutionGuid = {0A88003A-6279-4CD0-A374-391CA82633FA}
	EndGlobalSection
EndGlobal
